
Microsoft Visual Studio Solution File, Format Version 12.00
# Visual Studio 15
VisualStudioVersion = 15.0.28307.489
MinimumVisualStudioVersion = 10.0.40219.1
Project("{9A19103F-16F7-4668-BE54-9A1E7A4F7556}") = "Spuchifai5719", "Spuchifai5719\Spuchifai5719.csproj", "{22C58EA5-CB02-4AF3-842C-C2DA1AC311D9}"
EndProject
Project("{9A19103F-16F7-4668-BE54-9A1E7A4F7556}") = "PruebaSpuchifai", "PruebaSpuchifai\PruebaSpuchifai.csproj", "{6EC56E1E-C83F-4709-B569-95135FF4871F}"
EndProject
Project("{FAE04EC0-301F-11D3-BF4B-00C04F79EFBC}") = "ClienteConsola", "ClienteConsola\ClienteConsola.csproj", "{833DD866-5E9F-41A7-AA9E-269A69DC474A}"
EndProject
Project("{FAE04EC0-301F-11D3-BF4B-00C04F79EFBC}") = "BandaConsola", "BandaConsola\BandaConsola.csproj", "{4B5C89CC-485D-4EE1-BDA1-5F32670BF086}"
EndProject
Project("{FAE04EC0-301F-11D3-BF4B-00C04F79EFBC}") = "AdministradorConsola", "AdministradorConsola\AdministradorConsola.csproj", "{FA50DD95-33A1-431C-BA76-80B4A3792B78}"
EndProject
Global
	GlobalSection(SolutionConfigurationPlatforms) = preSolution
		Debug|Any CPU = Debug|Any CPU
		Release|Any CPU = Release|Any CPU
	EndGlobalSection
	GlobalSection(ProjectConfigurationPlatforms) = postSolution
		{22C58EA5-CB02-4AF3-842C-C2DA1AC311D9}.Debug|Any CPU.ActiveCfg = Debug|Any CPU
		{22C58EA5-CB02-4AF3-842C-C2DA1AC311D9}.Debug|Any CPU.Build.0 = Debug|Any CPU
		{22C58EA5-CB02-4AF3-842C-C2DA1AC311D9}.Release|Any CPU.ActiveCfg = Release|Any CPU
		{22C58EA5-CB02-4AF3-842C-C2DA1AC311D9}.Release|Any CPU.Build.0 = Release|Any CPU
		{6EC56E1E-C83F-4709-B569-95135FF4871F}.Debug|Any CPU.ActiveCfg = Debug|Any CPU
		{6EC56E1E-C83F-4709-B569-95135FF4871F}.Debug|Any CPU.Build.0 = Debug|Any CPU
		{6EC56E1E-C83F-4709-B569-95135FF4871F}.Release|Any CPU.ActiveCfg = Release|Any CPU
		{6EC56E1E-C83F-4709-B569-95135FF4871F}.Release|Any CPU.Build.0 = Release|Any CPU
		{833DD866-5E9F-41A7-AA9E-269A69DC474A}.Debug|Any CPU.ActiveCfg = Debug|Any CPU
		{833DD866-5E9F-41A7-AA9E-269A69DC474A}.Debug|Any CPU.Build.0 = Debug|Any CPU
		{833DD866-5E9F-41A7-AA9E-269A69DC474A}.Release|Any CPU.ActiveCfg = Release|Any CPU
		{833DD866-5E9F-41A7-AA9E-269A69DC474A}.Release|Any CPU.Build.0 = Release|Any CPU
		{4B5C89CC-485D-4EE1-BDA1-5F32670BF086}.Debug|Any CPU.ActiveCfg = Debug|Any CPU
		{4B5C89CC-485D-4EE1-BDA1-5F32670BF086}.Debug|Any CPU.Build.0 = Debug|Any CPU
		{4B5C89CC-485D-4EE1-BDA1-5F32670BF086}.Release|Any CPU.ActiveCfg = Release|Any CPU
		{4B5C89CC-485D-4EE1-BDA1-5F32670BF086}.Release|Any CPU.Build.0 = Release|Any CPU
		{FA50DD95-33A1-431C-BA76-80B4A3792B78}.Debug|Any CPU.ActiveCfg = Debug|Any CPU
		{FA50DD95-33A1-431C-BA76-80B4A3792B78}.Debug|Any CPU.Build.0 = Debug|Any CPU
		{FA50DD95-33A1-431C-BA76-80B4A3792B78}.Release|Any CPU.ActiveCfg = Release|Any CPU
		{FA50DD95-33A1-431C-BA76-80B4A3792B78}.Release|Any CPU.Build.0 = Release|Any CPU
	EndGlobalSection
	GlobalSection(SolutionProperties) = preSolution
		HideSolutionNode = FALSE
	EndGlobalSection
	GlobalSection(ExtensibilityGlobals) = postSolution
		SolutionGuid = {2318A62E-3AB3-49E8-A99E-908CB16663C0}
	EndGlobalSection
EndGlobal
