
Microsoft Visual Studio Solution File, Format Version 12.00
# Visual Studio 15
VisualStudioVersion = 15.0.28307.489
MinimumVisualStudioVersion = 10.0.40219.1
Project("{FAE04EC0-301F-11D3-BF4B-00C04F79EFBC}") = "Spuchifai5719", "Spuchifai5719\Spuchifai5719.csproj", "{22C58EA5-CB02-4AF3-842C-C2DA1AC311D9}"
EndProject
Global
	GlobalSection(SolutionConfigurationPlatforms) = preSolution
		Debug|Any CPU = Debug|Any CPU
		Release|Any CPU = Release|Any CPU
	EndGlobalSection
	GlobalSection(ProjectConfigurationPlatforms) = postSolution
		{22C58EA5-CB02-4AF3-842C-C2DA1AC311D9}.Debug|Any CPU.ActiveCfg = Debug|Any CPU
		{22C58EA5-CB02-4AF3-842C-C2DA1AC311D9}.Debug|Any CPU.Build.0 = Debug|Any CPU
		{22C58EA5-CB02-4AF3-842C-C2DA1AC311D9}.Release|Any CPU.ActiveCfg = Release|Any CPU
		{22C58EA5-CB02-4AF3-842C-C2DA1AC311D9}.Release|Any CPU.Build.0 = Release|Any CPU
	EndGlobalSection
	GlobalSection(SolutionProperties) = preSolution
		HideSolutionNode = FALSE
	EndGlobalSection
	GlobalSection(ExtensibilityGlobals) = postSolution
		SolutionGuid = {2318A62E-3AB3-49E8-A99E-908CB16663C0}
	EndGlobalSection
EndGlobal
